
Microsoft Visual Studio Solution File, Format Version 12.00
# Visual Studio Version 16
VisualStudioVersion = 16.0.30406.217
MinimumVisualStudioVersion = 10.0.40219.1
Project("{9A19103F-16F7-4668-BE54-9A1E7A4F7556}") = "Iglesia.Common", "Iglesia.Common\Iglesia.Common.csproj", "{899A74F9-7B84-41C4-8BA6-4FC4B86DEEDE}"
EndProject
Project("{9A19103F-16F7-4668-BE54-9A1E7A4F7556}") = "Iglesia.Web", "Iglesia.Web\Iglesia.Web.csproj", "{B015CC5E-FA31-4C36-A4BF-C76926C577A8}"
EndProject
Project("{FAE04EC0-301F-11D3-BF4B-00C04F79EFBC}") = "Iglesia.Prism", "Iglesia.Prism\Iglesia.Prism\Iglesia.Prism.csproj", "{39F8B733-A8F6-4F75-9568-DAC339016220}"
EndProject
Project("{FAE04EC0-301F-11D3-BF4B-00C04F79EFBC}") = "Iglesia.Prism.Android", "Iglesia.Prism\Iglesia.Prism.Android\Iglesia.Prism.Android.csproj", "{BF646235-6773-4DA5-9212-508681369293}"
EndProject
Project("{FAE04EC0-301F-11D3-BF4B-00C04F79EFBC}") = "Iglesia.Prism.iOS", "Iglesia.Prism\Iglesia.Prism.iOS\Iglesia.Prism.iOS.csproj", "{5EE6369F-FAAA-4323-90BB-64E7F68D3723}"
EndProject
Global
	GlobalSection(SolutionConfigurationPlatforms) = preSolution
		Ad-Hoc|Any CPU = Ad-Hoc|Any CPU
		Ad-Hoc|iPhone = Ad-Hoc|iPhone
		Ad-Hoc|iPhoneSimulator = Ad-Hoc|iPhoneSimulator
		AppStore|Any CPU = AppStore|Any CPU
		AppStore|iPhone = AppStore|iPhone
		AppStore|iPhoneSimulator = AppStore|iPhoneSimulator
		Debug|Any CPU = Debug|Any CPU
		Debug|iPhone = Debug|iPhone
		Debug|iPhoneSimulator = Debug|iPhoneSimulator
		Release|Any CPU = Release|Any CPU
		Release|iPhone = Release|iPhone
		Release|iPhoneSimulator = Release|iPhoneSimulator
	EndGlobalSection
	GlobalSection(ProjectConfigurationPlatforms) = postSolution
		{899A74F9-7B84-41C4-8BA6-4FC4B86DEEDE}.Ad-Hoc|Any CPU.ActiveCfg = Release|Any CPU
		{899A74F9-7B84-41C4-8BA6-4FC4B86DEEDE}.Ad-Hoc|Any CPU.Build.0 = Release|Any CPU
		{899A74F9-7B84-41C4-8BA6-4FC4B86DEEDE}.Ad-Hoc|iPhone.ActiveCfg = Release|Any CPU
		{899A74F9-7B84-41C4-8BA6-4FC4B86DEEDE}.Ad-Hoc|iPhone.Build.0 = Release|Any CPU
		{899A74F9-7B84-41C4-8BA6-4FC4B86DEEDE}.Ad-Hoc|iPhoneSimulator.ActiveCfg = Release|Any CPU
		{899A74F9-7B84-41C4-8BA6-4FC4B86DEEDE}.Ad-Hoc|iPhoneSimulator.Build.0 = Release|Any CPU
		{899A74F9-7B84-41C4-8BA6-4FC4B86DEEDE}.AppStore|Any CPU.ActiveCfg = Release|Any CPU
		{899A74F9-7B84-41C4-8BA6-4FC4B86DEEDE}.AppStore|Any CPU.Build.0 = Release|Any CPU
		{899A74F9-7B84-41C4-8BA6-4FC4B86DEEDE}.AppStore|iPhone.ActiveCfg = Release|Any CPU
		{899A74F9-7B84-41C4-8BA6-4FC4B86DEEDE}.AppStore|iPhone.Build.0 = Release|Any CPU
		{899A74F9-7B84-41C4-8BA6-4FC4B86DEEDE}.AppStore|iPhoneSimulator.ActiveCfg = Release|Any CPU
		{899A74F9-7B84-41C4-8BA6-4FC4B86DEEDE}.AppStore|iPhoneSimulator.Build.0 = Release|Any CPU
		{899A74F9-7B84-41C4-8BA6-4FC4B86DEEDE}.Debug|Any CPU.ActiveCfg = Debug|Any CPU
		{899A74F9-7B84-41C4-8BA6-4FC4B86DEEDE}.Debug|Any CPU.Build.0 = Debug|Any CPU
		{899A74F9-7B84-41C4-8BA6-4FC4B86DEEDE}.Debug|iPhone.ActiveCfg = Debug|Any CPU
		{899A74F9-7B84-41C4-8BA6-4FC4B86DEEDE}.Debug|iPhone.Build.0 = Debug|Any CPU
		{899A74F9-7B84-41C4-8BA6-4FC4B86DEEDE}.Debug|iPhoneSimulator.ActiveCfg = Debug|Any CPU
		{899A74F9-7B84-41C4-8BA6-4FC4B86DEEDE}.Debug|iPhoneSimulator.Build.0 = Debug|Any CPU
		{899A74F9-7B84-41C4-8BA6-4FC4B86DEEDE}.Release|Any CPU.ActiveCfg = Release|Any CPU
		{899A74F9-7B84-41C4-8BA6-4FC4B86DEEDE}.Release|Any CPU.Build.0 = Release|Any CPU
		{899A74F9-7B84-41C4-8BA6-4FC4B86DEEDE}.Release|iPhone.ActiveCfg = Release|Any CPU
		{899A74F9-7B84-41C4-8BA6-4FC4B86DEEDE}.Release|iPhone.Build.0 = Release|Any CPU
		{899A74F9-7B84-41C4-8BA6-4FC4B86DEEDE}.Release|iPhoneSimulator.ActiveCfg = Release|Any CPU
		{899A74F9-7B84-41C4-8BA6-4FC4B86DEEDE}.Release|iPhoneSimulator.Build.0 = Release|Any CPU
		{B015CC5E-FA31-4C36-A4BF-C76926C577A8}.Ad-Hoc|Any CPU.ActiveCfg = Release|Any CPU
		{B015CC5E-FA31-4C36-A4BF-C76926C577A8}.Ad-Hoc|Any CPU.Build.0 = Release|Any CPU
		{B015CC5E-FA31-4C36-A4BF-C76926C577A8}.Ad-Hoc|iPhone.ActiveCfg = Release|Any CPU
		{B015CC5E-FA31-4C36-A4BF-C76926C577A8}.Ad-Hoc|iPhone.Build.0 = Release|Any CPU
		{B015CC5E-FA31-4C36-A4BF-C76926C577A8}.Ad-Hoc|iPhoneSimulator.ActiveCfg = Release|Any CPU
		{B015CC5E-FA31-4C36-A4BF-C76926C577A8}.Ad-Hoc|iPhoneSimulator.Build.0 = Release|Any CPU
		{B015CC5E-FA31-4C36-A4BF-C76926C577A8}.AppStore|Any CPU.ActiveCfg = Release|Any CPU
		{B015CC5E-FA31-4C36-A4BF-C76926C577A8}.AppStore|Any CPU.Build.0 = Release|Any CPU
		{B015CC5E-FA31-4C36-A4BF-C76926C577A8}.AppStore|iPhone.ActiveCfg = Release|Any CPU
		{B015CC5E-FA31-4C36-A4BF-C76926C577A8}.AppStore|iPhone.Build.0 = Release|Any CPU
		{B015CC5E-FA31-4C36-A4BF-C76926C577A8}.AppStore|iPhoneSimulator.ActiveCfg = Release|Any CPU
		{B015CC5E-FA31-4C36-A4BF-C76926C577A8}.AppStore|iPhoneSimulator.Build.0 = Release|Any CPU
		{B015CC5E-FA31-4C36-A4BF-C76926C577A8}.Debug|Any CPU.ActiveCfg = Debug|Any CPU
		{B015CC5E-FA31-4C36-A4BF-C76926C577A8}.Debug|Any CPU.Build.0 = Debug|Any CPU
		{B015CC5E-FA31-4C36-A4BF-C76926C577A8}.Debug|iPhone.ActiveCfg = Debug|Any CPU
		{B015CC5E-FA31-4C36-A4BF-C76926C577A8}.Debug|iPhone.Build.0 = Debug|Any CPU
		{B015CC5E-FA31-4C36-A4BF-C76926C577A8}.Debug|iPhoneSimulator.ActiveCfg = Debug|Any CPU
		{B015CC5E-FA31-4C36-A4BF-C76926C577A8}.Debug|iPhoneSimulator.Build.0 = Debug|Any CPU
		{B015CC5E-FA31-4C36-A4BF-C76926C577A8}.Release|Any CPU.ActiveCfg = Release|Any CPU
		{B015CC5E-FA31-4C36-A4BF-C76926C577A8}.Release|Any CPU.Build.0 = Release|Any CPU
		{B015CC5E-FA31-4C36-A4BF-C76926C577A8}.Release|iPhone.ActiveCfg = Release|Any CPU
		{B015CC5E-FA31-4C36-A4BF-C76926C577A8}.Release|iPhone.Build.0 = Release|Any CPU
		{B015CC5E-FA31-4C36-A4BF-C76926C577A8}.Release|iPhoneSimulator.ActiveCfg = Release|Any CPU
		{B015CC5E-FA31-4C36-A4BF-C76926C577A8}.Release|iPhoneSimulator.Build.0 = Release|Any CPU
		{39F8B733-A8F6-4F75-9568-DAC339016220}.Ad-Hoc|Any CPU.ActiveCfg = Debug|Any CPU
		{39F8B733-A8F6-4F75-9568-DAC339016220}.Ad-Hoc|Any CPU.Build.0 = Debug|Any CPU
		{39F8B733-A8F6-4F75-9568-DAC339016220}.Ad-Hoc|iPhone.ActiveCfg = Debug|Any CPU
		{39F8B733-A8F6-4F75-9568-DAC339016220}.Ad-Hoc|iPhone.Build.0 = Debug|Any CPU
		{39F8B733-A8F6-4F75-9568-DAC339016220}.Ad-Hoc|iPhoneSimulator.ActiveCfg = Debug|Any CPU
		{39F8B733-A8F6-4F75-9568-DAC339016220}.Ad-Hoc|iPhoneSimulator.Build.0 = Debug|Any CPU
		{39F8B733-A8F6-4F75-9568-DAC339016220}.AppStore|Any CPU.ActiveCfg = Debug|Any CPU
		{39F8B733-A8F6-4F75-9568-DAC339016220}.AppStore|Any CPU.Build.0 = Debug|Any CPU
		{39F8B733-A8F6-4F75-9568-DAC339016220}.AppStore|iPhone.ActiveCfg = Debug|Any CPU
		{39F8B733-A8F6-4F75-9568-DAC339016220}.AppStore|iPhone.Build.0 = Debug|Any CPU
		{39F8B733-A8F6-4F75-9568-DAC339016220}.AppStore|iPhoneSimulator.ActiveCfg = Debug|Any CPU
		{39F8B733-A8F6-4F75-9568-DAC339016220}.AppStore|iPhoneSimulator.Build.0 = Debug|Any CPU
		{39F8B733-A8F6-4F75-9568-DAC339016220}.Debug|Any CPU.ActiveCfg = Debug|Any CPU
		{39F8B733-A8F6-4F75-9568-DAC339016220}.Debug|Any CPU.Build.0 = Debug|Any CPU
		{39F8B733-A8F6-4F75-9568-DAC339016220}.Debug|iPhone.ActiveCfg = Debug|Any CPU
		{39F8B733-A8F6-4F75-9568-DAC339016220}.Debug|iPhone.Build.0 = Debug|Any CPU
		{39F8B733-A8F6-4F75-9568-DAC339016220}.Debug|iPhoneSimulator.ActiveCfg = Debug|Any CPU
		{39F8B733-A8F6-4F75-9568-DAC339016220}.Debug|iPhoneSimulator.Build.0 = Debug|Any CPU
		{39F8B733-A8F6-4F75-9568-DAC339016220}.Release|Any CPU.ActiveCfg = Release|Any CPU
		{39F8B733-A8F6-4F75-9568-DAC339016220}.Release|Any CPU.Build.0 = Release|Any CPU
		{39F8B733-A8F6-4F75-9568-DAC339016220}.Release|iPhone.ActiveCfg = Release|Any CPU
		{39F8B733-A8F6-4F75-9568-DAC339016220}.Release|iPhone.Build.0 = Release|Any CPU
		{39F8B733-A8F6-4F75-9568-DAC339016220}.Release|iPhoneSimulator.ActiveCfg = Release|Any CPU
		{39F8B733-A8F6-4F75-9568-DAC339016220}.Release|iPhoneSimulator.Build.0 = Release|Any CPU
		{BF646235-6773-4DA5-9212-508681369293}.Ad-Hoc|Any CPU.ActiveCfg = Release|Any CPU
		{BF646235-6773-4DA5-9212-508681369293}.Ad-Hoc|Any CPU.Build.0 = Release|Any CPU
		{BF646235-6773-4DA5-9212-508681369293}.Ad-Hoc|Any CPU.Deploy.0 = Release|Any CPU
		{BF646235-6773-4DA5-9212-508681369293}.Ad-Hoc|iPhone.ActiveCfg = Release|Any CPU
		{BF646235-6773-4DA5-9212-508681369293}.Ad-Hoc|iPhone.Build.0 = Release|Any CPU
		{BF646235-6773-4DA5-9212-508681369293}.Ad-Hoc|iPhone.Deploy.0 = Release|Any CPU
		{BF646235-6773-4DA5-9212-508681369293}.Ad-Hoc|iPhoneSimulator.ActiveCfg = Release|Any CPU
		{BF646235-6773-4DA5-9212-508681369293}.Ad-Hoc|iPhoneSimulator.Build.0 = Release|Any CPU
		{BF646235-6773-4DA5-9212-508681369293}.Ad-Hoc|iPhoneSimulator.Deploy.0 = Release|Any CPU
		{BF646235-6773-4DA5-9212-508681369293}.AppStore|Any CPU.ActiveCfg = Release|Any CPU
		{BF646235-6773-4DA5-9212-508681369293}.AppStore|Any CPU.Build.0 = Release|Any CPU
		{BF646235-6773-4DA5-9212-508681369293}.AppStore|Any CPU.Deploy.0 = Release|Any CPU
		{BF646235-6773-4DA5-9212-508681369293}.AppStore|iPhone.ActiveCfg = Release|Any CPU
		{BF646235-6773-4DA5-9212-508681369293}.AppStore|iPhone.Build.0 = Release|Any CPU
		{BF646235-6773-4DA5-9212-508681369293}.AppStore|iPhone.Deploy.0 = Release|Any CPU
		{BF646235-6773-4DA5-9212-508681369293}.AppStore|iPhoneSimulator.ActiveCfg = Release|Any CPU
		{BF646235-6773-4DA5-9212-508681369293}.AppStore|iPhoneSimulator.Build.0 = Release|Any CPU
		{BF646235-6773-4DA5-9212-508681369293}.AppStore|iPhoneSimulator.Deploy.0 = Release|Any CPU
		{BF646235-6773-4DA5-9212-508681369293}.Debug|Any CPU.ActiveCfg = Debug|Any CPU
		{BF646235-6773-4DA5-9212-508681369293}.Debug|Any CPU.Build.0 = Debug|Any CPU
		{BF646235-6773-4DA5-9212-508681369293}.Debug|Any CPU.Deploy.0 = Debug|Any CPU
		{BF646235-6773-4DA5-9212-508681369293}.Debug|iPhone.ActiveCfg = Debug|Any CPU
		{BF646235-6773-4DA5-9212-508681369293}.Debug|iPhone.Build.0 = Debug|Any CPU
		{BF646235-6773-4DA5-9212-508681369293}.Debug|iPhone.Deploy.0 = Debug|Any CPU
		{BF646235-6773-4DA5-9212-508681369293}.Debug|iPhoneSimulator.ActiveCfg = Debug|Any CPU
		{BF646235-6773-4DA5-9212-508681369293}.Debug|iPhoneSimulator.Build.0 = Debug|Any CPU
		{BF646235-6773-4DA5-9212-508681369293}.Debug|iPhoneSimulator.Deploy.0 = Debug|Any CPU
		{BF646235-6773-4DA5-9212-508681369293}.Release|Any CPU.ActiveCfg = Release|Any CPU
		{BF646235-6773-4DA5-9212-508681369293}.Release|Any CPU.Build.0 = Release|Any CPU
		{BF646235-6773-4DA5-9212-508681369293}.Release|Any CPU.Deploy.0 = Release|Any CPU
		{BF646235-6773-4DA5-9212-508681369293}.Release|iPhone.ActiveCfg = Release|Any CPU
		{BF646235-6773-4DA5-9212-508681369293}.Release|iPhone.Build.0 = Release|Any CPU
		{BF646235-6773-4DA5-9212-508681369293}.Release|iPhone.Deploy.0 = Release|Any CPU
		{BF646235-6773-4DA5-9212-508681369293}.Release|iPhoneSimulator.ActiveCfg = Release|Any CPU
		{BF646235-6773-4DA5-9212-508681369293}.Release|iPhoneSimulator.Build.0 = Release|Any CPU
		{BF646235-6773-4DA5-9212-508681369293}.Release|iPhoneSimulator.Deploy.0 = Release|Any CPU
		{5EE6369F-FAAA-4323-90BB-64E7F68D3723}.Ad-Hoc|Any CPU.ActiveCfg = Ad-Hoc|iPhone
		{5EE6369F-FAAA-4323-90BB-64E7F68D3723}.Ad-Hoc|iPhone.ActiveCfg = Ad-Hoc|iPhone
		{5EE6369F-FAAA-4323-90BB-64E7F68D3723}.Ad-Hoc|iPhone.Build.0 = Ad-Hoc|iPhone
		{5EE6369F-FAAA-4323-90BB-64E7F68D3723}.Ad-Hoc|iPhoneSimulator.ActiveCfg = Ad-Hoc|iPhoneSimulator
		{5EE6369F-FAAA-4323-90BB-64E7F68D3723}.Ad-Hoc|iPhoneSimulator.Build.0 = Ad-Hoc|iPhoneSimulator
		{5EE6369F-FAAA-4323-90BB-64E7F68D3723}.AppStore|Any CPU.ActiveCfg = AppStore|iPhone
		{5EE6369F-FAAA-4323-90BB-64E7F68D3723}.AppStore|iPhone.ActiveCfg = AppStore|iPhone
		{5EE6369F-FAAA-4323-90BB-64E7F68D3723}.AppStore|iPhone.Build.0 = AppStore|iPhone
		{5EE6369F-FAAA-4323-90BB-64E7F68D3723}.AppStore|iPhoneSimulator.ActiveCfg = AppStore|iPhoneSimulator
		{5EE6369F-FAAA-4323-90BB-64E7F68D3723}.AppStore|iPhoneSimulator.Build.0 = AppStore|iPhoneSimulator
		{5EE6369F-FAAA-4323-90BB-64E7F68D3723}.Debug|Any CPU.ActiveCfg = Debug|iPhone
		{5EE6369F-FAAA-4323-90BB-64E7F68D3723}.Debug|iPhone.ActiveCfg = Debug|iPhone
		{5EE6369F-FAAA-4323-90BB-64E7F68D3723}.Debug|iPhone.Build.0 = Debug|iPhone
		{5EE6369F-FAAA-4323-90BB-64E7F68D3723}.Debug|iPhoneSimulator.ActiveCfg = Debug|iPhoneSimulator
		{5EE6369F-FAAA-4323-90BB-64E7F68D3723}.Debug|iPhoneSimulator.Build.0 = Debug|iPhoneSimulator
		{5EE6369F-FAAA-4323-90BB-64E7F68D3723}.Release|Any CPU.ActiveCfg = Release|iPhone
		{5EE6369F-FAAA-4323-90BB-64E7F68D3723}.Release|iPhone.ActiveCfg = Release|iPhone
		{5EE6369F-FAAA-4323-90BB-64E7F68D3723}.Release|iPhone.Build.0 = Release|iPhone
		{5EE6369F-FAAA-4323-90BB-64E7F68D3723}.Release|iPhoneSimulator.ActiveCfg = Release|iPhoneSimulator
		{5EE6369F-FAAA-4323-90BB-64E7F68D3723}.Release|iPhoneSimulator.Build.0 = Release|iPhoneSimulator
	EndGlobalSection
	GlobalSection(SolutionProperties) = preSolution
		HideSolutionNode = FALSE
	EndGlobalSection
	GlobalSection(ExtensibilityGlobals) = postSolution
		SolutionGuid = {1083C666-04F3-4F03-8E27-851D3D61E620}
	EndGlobalSection
EndGlobal
